// !$*UTF8*$!
{
	archiveVersion = 1;
	classes = {
	};
	objectVersion = 50;
	objects = {

/* Begin PBXBuildFile section */
		04101B14249F3185000166DD /* AppDelegate.swift in Sources */ = {isa = PBXBuildFile; fileRef = 04101B13249F3185000166DD /* AppDelegate.swift */; };
		04101B16249F3185000166DD /* SceneDelegate.swift in Sources */ = {isa = PBXBuildFile; fileRef = 04101B15249F3185000166DD /* SceneDelegate.swift */; };
		04101B18249F3185000166DD /* SearchVC.swift in Sources */ = {isa = PBXBuildFile; fileRef = 04101B17249F3185000166DD /* SearchVC.swift */; };
		04101B1D249F318A000166DD /* Assets.xcassets in Resources */ = {isa = PBXBuildFile; fileRef = 04101B1C249F318A000166DD /* Assets.xcassets */; };
		04101B20249F318A000166DD /* LaunchScreen.storyboard in Resources */ = {isa = PBXBuildFile; fileRef = 04101B1E249F318A000166DD /* LaunchScreen.storyboard */; };
		04101B28249F3B51000166DD /* FavoritesVC.swift in Sources */ = {isa = PBXBuildFile; fileRef = 04101B27249F3B51000166DD /* FavoritesVC.swift */; };
		04101B2A249F4241000166DD /* GFButton.swift in Sources */ = {isa = PBXBuildFile; fileRef = 04101B29249F4241000166DD /* GFButton.swift */; };
		04101B2C249F47ED000166DD /* GFTextField.swift in Sources */ = {isa = PBXBuildFile; fileRef = 04101B2B249F47ED000166DD /* GFTextField.swift */; };
		04101B2E249F6511000166DD /* FollowersVC.swift in Sources */ = {isa = PBXBuildFile; fileRef = 04101B2D249F6511000166DD /* FollowersVC.swift */; };
		04101B31249F711A000166DD /* GFTitleLabel.swift in Sources */ = {isa = PBXBuildFile; fileRef = 04101B30249F711A000166DD /* GFTitleLabel.swift */; };
		04101B33249F7136000166DD /* GFBodyLabel.swift in Sources */ = {isa = PBXBuildFile; fileRef = 04101B32249F7136000166DD /* GFBodyLabel.swift */; };
		04101B35249F76DF000166DD /* GFAlertVC.swift in Sources */ = {isa = PBXBuildFile; fileRef = 04101B34249F76DF000166DD /* GFAlertVC.swift */; };
		04101B37249F8554000166DD /* UIViewController+Ext.swift in Sources */ = {isa = PBXBuildFile; fileRef = 04101B36249F8554000166DD /* UIViewController+Ext.swift */; };
		041E5B0124CA531E00AEFB97 /* UIHelper.swift in Sources */ = {isa = PBXBuildFile; fileRef = 041E5B0024CA531E00AEFB97 /* UIHelper.swift */; };
		041E5B0324CA847B00AEFB97 /* GFEmptyStateView.swift in Sources */ = {isa = PBXBuildFile; fileRef = 041E5B0224CA847B00AEFB97 /* GFEmptyStateView.swift */; };
		04827F7924A0EBB400FA6E03 /* Follower.swift in Sources */ = {isa = PBXBuildFile; fileRef = 04827F7824A0EBB400FA6E03 /* Follower.swift */; };
		04827F7B24A0EC5C00FA6E03 /* User.swift in Sources */ = {isa = PBXBuildFile; fileRef = 04827F7A24A0EC5C00FA6E03 /* User.swift */; };
		04827F7E24A0F4BD00FA6E03 /* NetworkManager.swift in Sources */ = {isa = PBXBuildFile; fileRef = 04827F7D24A0F4BD00FA6E03 /* NetworkManager.swift */; };
		04827F8124A10B7600FA6E03 /* ErrorMessage.swift in Sources */ = {isa = PBXBuildFile; fileRef = 04827F8024A10B7600FA6E03 /* ErrorMessage.swift */; };
		04827F8424A1414500FA6E03 /* FollowerCell.swift in Sources */ = {isa = PBXBuildFile; fileRef = 04827F8324A1414500FA6E03 /* FollowerCell.swift */; };
		04827F8624A1430600FA6E03 /* GFAvatarImageView.swift in Sources */ = {isa = PBXBuildFile; fileRef = 04827F8524A1430600FA6E03 /* GFAvatarImageView.swift */; };
/* End PBXBuildFile section */

/* Begin PBXFileReference section */
		04101B10249F3185000166DD /* GithubFollowers.app */ = {isa = PBXFileReference; explicitFileType = wrapper.application; includeInIndex = 0; path = GithubFollowers.app; sourceTree = BUILT_PRODUCTS_DIR; };
		04101B13249F3185000166DD /* AppDelegate.swift */ = {isa = PBXFileReference; lastKnownFileType = sourcecode.swift; path = AppDelegate.swift; sourceTree = "<group>"; };
		04101B15249F3185000166DD /* SceneDelegate.swift */ = {isa = PBXFileReference; lastKnownFileType = sourcecode.swift; path = SceneDelegate.swift; sourceTree = "<group>"; };
		04101B17249F3185000166DD /* SearchVC.swift */ = {isa = PBXFileReference; lastKnownFileType = sourcecode.swift; path = SearchVC.swift; sourceTree = "<group>"; };
		04101B1C249F318A000166DD /* Assets.xcassets */ = {isa = PBXFileReference; lastKnownFileType = folder.assetcatalog; path = Assets.xcassets; sourceTree = "<group>"; };
		04101B1F249F318A000166DD /* Base */ = {isa = PBXFileReference; lastKnownFileType = file.storyboard; name = Base; path = Base.lproj/LaunchScreen.storyboard; sourceTree = "<group>"; };
		04101B21249F318A000166DD /* Info.plist */ = {isa = PBXFileReference; lastKnownFileType = text.plist.xml; path = Info.plist; sourceTree = "<group>"; };
		04101B27249F3B51000166DD /* FavoritesVC.swift */ = {isa = PBXFileReference; lastKnownFileType = sourcecode.swift; path = FavoritesVC.swift; sourceTree = "<group>"; };
		04101B29249F4241000166DD /* GFButton.swift */ = {isa = PBXFileReference; lastKnownFileType = sourcecode.swift; path = GFButton.swift; sourceTree = "<group>"; };
		04101B2B249F47ED000166DD /* GFTextField.swift */ = {isa = PBXFileReference; lastKnownFileType = sourcecode.swift; path = GFTextField.swift; sourceTree = "<group>"; };
		04101B2D249F6511000166DD /* FollowersVC.swift */ = {isa = PBXFileReference; lastKnownFileType = sourcecode.swift; path = FollowersVC.swift; sourceTree = "<group>"; };
		04101B30249F711A000166DD /* GFTitleLabel.swift */ = {isa = PBXFileReference; lastKnownFileType = sourcecode.swift; path = GFTitleLabel.swift; sourceTree = "<group>"; };
		04101B32249F7136000166DD /* GFBodyLabel.swift */ = {isa = PBXFileReference; lastKnownFileType = sourcecode.swift; path = GFBodyLabel.swift; sourceTree = "<group>"; };
		04101B34249F76DF000166DD /* GFAlertVC.swift */ = {isa = PBXFileReference; lastKnownFileType = sourcecode.swift; path = GFAlertVC.swift; sourceTree = "<group>"; };
		04101B36249F8554000166DD /* UIViewController+Ext.swift */ = {isa = PBXFileReference; lastKnownFileType = sourcecode.swift; path = "UIViewController+Ext.swift"; sourceTree = "<group>"; };
		041E5B0024CA531E00AEFB97 /* UIHelper.swift */ = {isa = PBXFileReference; lastKnownFileType = sourcecode.swift; path = UIHelper.swift; sourceTree = "<group>"; };
		041E5B0224CA847B00AEFB97 /* GFEmptyStateView.swift */ = {isa = PBXFileReference; lastKnownFileType = sourcecode.swift; path = GFEmptyStateView.swift; sourceTree = "<group>"; };
		04827F7824A0EBB400FA6E03 /* Follower.swift */ = {isa = PBXFileReference; lastKnownFileType = sourcecode.swift; path = Follower.swift; sourceTree = "<group>"; };
		04827F7A24A0EC5C00FA6E03 /* User.swift */ = {isa = PBXFileReference; lastKnownFileType = sourcecode.swift; path = User.swift; sourceTree = "<group>"; };
		04827F7D24A0F4BD00FA6E03 /* NetworkManager.swift */ = {isa = PBXFileReference; lastKnownFileType = sourcecode.swift; path = NetworkManager.swift; sourceTree = "<group>"; };
		04827F8024A10B7600FA6E03 /* ErrorMessage.swift */ = {isa = PBXFileReference; lastKnownFileType = sourcecode.swift; path = ErrorMessage.swift; sourceTree = "<group>"; };
		04827F8324A1414500FA6E03 /* FollowerCell.swift */ = {isa = PBXFileReference; lastKnownFileType = sourcecode.swift; path = FollowerCell.swift; sourceTree = "<group>"; };
		04827F8524A1430600FA6E03 /* GFAvatarImageView.swift */ = {isa = PBXFileReference; lastKnownFileType = sourcecode.swift; path = GFAvatarImageView.swift; sourceTree = "<group>"; };
/* End PBXFileReference section */

/* Begin PBXFrameworksBuildPhase section */
		04101B0D249F3185000166DD /* Frameworks */ = {
			isa = PBXFrameworksBuildPhase;
			buildActionMask = 2147483647;
			files = (
			);
			runOnlyForDeploymentPostprocessing = 0;
		};
/* End PBXFrameworksBuildPhase section */

/* Begin PBXGroup section */
		04101B07249F3185000166DD = {
			isa = PBXGroup;
			children = (
				04101B12249F3185000166DD /* GithubFollowers */,
				04101B11249F3185000166DD /* Products */,
			);
			sourceTree = "<group>";
		};
		04101B11249F3185000166DD /* Products */ = {
			isa = PBXGroup;
			children = (
				04101B10249F3185000166DD /* GithubFollowers.app */,
			);
			name = Products;
			sourceTree = "<group>";
		};
		04101B12249F3185000166DD /* GithubFollowers */ = {
			isa = PBXGroup;
			children = (
				04827F7F24A10AC800FA6E03 /* Utilities */,
				04827F7C24A0F17500FA6E03 /* Managers */,
				04101B3A249F8FCB000166DD /* Extension */,
				04101B38249F8F9D000166DD /* Core */,
				04101B3C249F8FFE000166DD /* Model */,
				04101B2F249F70DA000166DD /* Custom Views */,
				04101B39249F8FB6000166DD /* Controllers */,
				04101B3B249F8FE1000166DD /* Support */,
			);
			path = GithubFollowers;
			sourceTree = "<group>";
		};
		04101B2F249F70DA000166DD /* Custom Views */ = {
			isa = PBXGroup;
			children = (
				04827F8224A140D300FA6E03 /* Cells */,
				04101B29249F4241000166DD /* GFButton.swift */,
				04101B2B249F47ED000166DD /* GFTextField.swift */,
				04101B30249F711A000166DD /* GFTitleLabel.swift */,
				04101B32249F7136000166DD /* GFBodyLabel.swift */,
				04101B34249F76DF000166DD /* GFAlertVC.swift */,
				04827F8524A1430600FA6E03 /* GFAvatarImageView.swift */,
				041E5B0224CA847B00AEFB97 /* GFEmptyStateView.swift */,
			);
			path = "Custom Views";
			sourceTree = "<group>";
		};
		04101B38249F8F9D000166DD /* Core */ = {
			isa = PBXGroup;
			children = (
				04101B13249F3185000166DD /* AppDelegate.swift */,
				04101B15249F3185000166DD /* SceneDelegate.swift */,
			);
			path = Core;
			sourceTree = "<group>";
		};
		04101B39249F8FB6000166DD /* Controllers */ = {
			isa = PBXGroup;
			children = (
				04101B17249F3185000166DD /* SearchVC.swift */,
				04101B2D249F6511000166DD /* FollowersVC.swift */,
				04101B27249F3B51000166DD /* FavoritesVC.swift */,
			);
			path = Controllers;
			sourceTree = "<group>";
		};
		04101B3A249F8FCB000166DD /* Extension */ = {
			isa = PBXGroup;
			children = (
				04101B36249F8554000166DD /* UIViewController+Ext.swift */,
			);
			path = Extension;
			sourceTree = "<group>";
		};
		04101B3B249F8FE1000166DD /* Support */ = {
			isa = PBXGroup;
			children = (
				04101B1C249F318A000166DD /* Assets.xcassets */,
				04101B1E249F318A000166DD /* LaunchScreen.storyboard */,
				04101B21249F318A000166DD /* Info.plist */,
			);
			path = Support;
			sourceTree = "<group>";
		};
		04101B3C249F8FFE000166DD /* Model */ = {
			isa = PBXGroup;
			children = (
				04827F7824A0EBB400FA6E03 /* Follower.swift */,
				04827F7A24A0EC5C00FA6E03 /* User.swift */,
			);
			path = Model;
			sourceTree = "<group>";
		};
		04827F7C24A0F17500FA6E03 /* Managers */ = {
			isa = PBXGroup;
			children = (
				04827F7D24A0F4BD00FA6E03 /* NetworkManager.swift */,
			);
			path = Managers;
			sourceTree = "<group>";
		};
		04827F7F24A10AC800FA6E03 /* Utilities */ = {
			isa = PBXGroup;
			children = (
				04827F8024A10B7600FA6E03 /* ErrorMessage.swift */,
				041E5B0024CA531E00AEFB97 /* UIHelper.swift */,
			);
			path = Utilities;
			sourceTree = "<group>";
		};
		04827F8224A140D300FA6E03 /* Cells */ = {
			isa = PBXGroup;
			children = (
				04827F8324A1414500FA6E03 /* FollowerCell.swift */,
			);
			path = Cells;
			sourceTree = "<group>";
		};
/* End PBXGroup section */

/* Begin PBXNativeTarget section */
		04101B0F249F3185000166DD /* GithubFollowers */ = {
			isa = PBXNativeTarget;
			buildConfigurationList = 04101B24249F318A000166DD /* Build configuration list for PBXNativeTarget "GithubFollowers" */;
			buildPhases = (
				04101B0C249F3185000166DD /* Sources */,
				04101B0D249F3185000166DD /* Frameworks */,
				04101B0E249F3185000166DD /* Resources */,
			);
			buildRules = (
			);
			dependencies = (
			);
			name = GithubFollowers;
			productName = GithubFollowers;
			productReference = 04101B10249F3185000166DD /* GithubFollowers.app */;
			productType = "com.apple.product-type.application";
		};
/* End PBXNativeTarget section */

/* Begin PBXProject section */
		04101B08249F3185000166DD /* Project object */ = {
			isa = PBXProject;
			attributes = {
				LastSwiftUpdateCheck = 1130;
				LastUpgradeCheck = 1130;
				ORGANIZATIONNAME = "Ahmed Eid";
				TargetAttributes = {
					04101B0F249F3185000166DD = {
						CreatedOnToolsVersion = 11.3;
					};
				};
			};
			buildConfigurationList = 04101B0B249F3185000166DD /* Build configuration list for PBXProject "GithubFollowers" */;
			compatibilityVersion = "Xcode 9.3";
			developmentRegion = en;
			hasScannedForEncodings = 0;
			knownRegions = (
				en,
				Base,
			);
			mainGroup = 04101B07249F3185000166DD;
			productRefGroup = 04101B11249F3185000166DD /* Products */;
			projectDirPath = "";
			projectRoot = "";
			targets = (
				04101B0F249F3185000166DD /* GithubFollowers */,
			);
		};
/* End PBXProject section */

/* Begin PBXResourcesBuildPhase section */
		04101B0E249F3185000166DD /* Resources */ = {
			isa = PBXResourcesBuildPhase;
			buildActionMask = 2147483647;
			files = (
				04101B20249F318A000166DD /* LaunchScreen.storyboard in Resources */,
				04101B1D249F318A000166DD /* Assets.xcassets in Resources */,
			);
			runOnlyForDeploymentPostprocessing = 0;
		};
/* End PBXResourcesBuildPhase section */

/* Begin PBXSourcesBuildPhase section */
		04101B0C249F3185000166DD /* Sources */ = {
			isa = PBXSourcesBuildPhase;
			buildActionMask = 2147483647;
			files = (
				04827F7B24A0EC5C00FA6E03 /* User.swift in Sources */,
				04101B2C249F47ED000166DD /* GFTextField.swift in Sources */,
				04101B28249F3B51000166DD /* FavoritesVC.swift in Sources */,
				04101B2E249F6511000166DD /* FollowersVC.swift in Sources */,
				04101B37249F8554000166DD /* UIViewController+Ext.swift in Sources */,
				041E5B0124CA531E00AEFB97 /* UIHelper.swift in Sources */,
				04827F8624A1430600FA6E03 /* GFAvatarImageView.swift in Sources */,
				04101B2A249F4241000166DD /* GFButton.swift in Sources */,
				04101B35249F76DF000166DD /* GFAlertVC.swift in Sources */,
				04827F8424A1414500FA6E03 /* FollowerCell.swift in Sources */,
				04827F8124A10B7600FA6E03 /* ErrorMessage.swift in Sources */,
				04101B33249F7136000166DD /* GFBodyLabel.swift in Sources */,
				04827F7924A0EBB400FA6E03 /* Follower.swift in Sources */,
				04101B31249F711A000166DD /* GFTitleLabel.swift in Sources */,
				041E5B0324CA847B00AEFB97 /* GFEmptyStateView.swift in Sources */,
				04827F7E24A0F4BD00FA6E03 /* NetworkManager.swift in Sources */,
				04101B18249F3185000166DD /* SearchVC.swift in Sources */,
				04101B14249F3185000166DD /* AppDelegate.swift in Sources */,
				04101B16249F3185000166DD /* SceneDelegate.swift in Sources */,
			);
			runOnlyForDeploymentPostprocessing = 0;
		};
/* End PBXSourcesBuildPhase section */

/* Begin PBXVariantGroup section */
		04101B1E249F318A000166DD /* LaunchScreen.storyboard */ = {
			isa = PBXVariantGroup;
			children = (
				04101B1F249F318A000166DD /* Base */,
			);
			name = LaunchScreen.storyboard;
			sourceTree = "<group>";
		};
/* End PBXVariantGroup section */

/* Begin XCBuildConfiguration section */
		04101B22249F318A000166DD /* Debug */ = {
			isa = XCBuildConfiguration;
			buildSettings = {
				ALWAYS_SEARCH_USER_PATHS = NO;
				CLANG_ANALYZER_NONNULL = YES;
				CLANG_ANALYZER_NUMBER_OBJECT_CONVERSION = YES_AGGRESSIVE;
				CLANG_CXX_LANGUAGE_STANDARD = "gnu++14";
				CLANG_CXX_LIBRARY = "libc++";
				CLANG_ENABLE_MODULES = YES;
				CLANG_ENABLE_OBJC_ARC = YES;
				CLANG_ENABLE_OBJC_WEAK = YES;
				CLANG_WARN_BLOCK_CAPTURE_AUTORELEASING = YES;
				CLANG_WARN_BOOL_CONVERSION = YES;
				CLANG_WARN_COMMA = YES;
				CLANG_WARN_CONSTANT_CONVERSION = YES;
				CLANG_WARN_DEPRECATED_OBJC_IMPLEMENTATIONS = YES;
				CLANG_WARN_DIRECT_OBJC_ISA_USAGE = YES_ERROR;
				CLANG_WARN_DOCUMENTATION_COMMENTS = YES;
				CLANG_WARN_EMPTY_BODY = YES;
				CLANG_WARN_ENUM_CONVERSION = YES;
				CLANG_WARN_INFINITE_RECURSION = YES;
				CLANG_WARN_INT_CONVERSION = YES;
				CLANG_WARN_NON_LITERAL_NULL_CONVERSION = YES;
				CLANG_WARN_OBJC_IMPLICIT_RETAIN_SELF = YES;
				CLANG_WARN_OBJC_LITERAL_CONVERSION = YES;
				CLANG_WARN_OBJC_ROOT_CLASS = YES_ERROR;
				CLANG_WARN_RANGE_LOOP_ANALYSIS = YES;
				CLANG_WARN_STRICT_PROTOTYPES = YES;
				CLANG_WARN_SUSPICIOUS_MOVE = YES;
				CLANG_WARN_UNGUARDED_AVAILABILITY = YES_AGGRESSIVE;
				CLANG_WARN_UNREACHABLE_CODE = YES;
				CLANG_WARN__DUPLICATE_METHOD_MATCH = YES;
				COPY_PHASE_STRIP = NO;
				DEBUG_INFORMATION_FORMAT = dwarf;
				ENABLE_STRICT_OBJC_MSGSEND = YES;
				ENABLE_TESTABILITY = YES;
				GCC_C_LANGUAGE_STANDARD = gnu11;
				GCC_DYNAMIC_NO_PIC = NO;
				GCC_NO_COMMON_BLOCKS = YES;
				GCC_OPTIMIZATION_LEVEL = 0;
				GCC_PREPROCESSOR_DEFINITIONS = (
					"DEBUG=1",
					"$(inherited)",
				);
				GCC_WARN_64_TO_32_BIT_CONVERSION = YES;
				GCC_WARN_ABOUT_RETURN_TYPE = YES_ERROR;
				GCC_WARN_UNDECLARED_SELECTOR = YES;
				GCC_WARN_UNINITIALIZED_AUTOS = YES_AGGRESSIVE;
				GCC_WARN_UNUSED_FUNCTION = YES;
				GCC_WARN_UNUSED_VARIABLE = YES;
				IPHONEOS_DEPLOYMENT_TARGET = 13.2;
				MTL_ENABLE_DEBUG_INFO = INCLUDE_SOURCE;
				MTL_FAST_MATH = YES;
				ONLY_ACTIVE_ARCH = YES;
				SDKROOT = iphoneos;
				SWIFT_ACTIVE_COMPILATION_CONDITIONS = DEBUG;
				SWIFT_OPTIMIZATION_LEVEL = "-Onone";
			};
			name = Debug;
		};
		04101B23249F318A000166DD /* Release */ = {
			isa = XCBuildConfiguration;
			buildSettings = {
				ALWAYS_SEARCH_USER_PATHS = NO;
				CLANG_ANALYZER_NONNULL = YES;
				CLANG_ANALYZER_NUMBER_OBJECT_CONVERSION = YES_AGGRESSIVE;
				CLANG_CXX_LANGUAGE_STANDARD = "gnu++14";
				CLANG_CXX_LIBRARY = "libc++";
				CLANG_ENABLE_MODULES = YES;
				CLANG_ENABLE_OBJC_ARC = YES;
				CLANG_ENABLE_OBJC_WEAK = YES;
				CLANG_WARN_BLOCK_CAPTURE_AUTORELEASING = YES;
				CLANG_WARN_BOOL_CONVERSION = YES;
				CLANG_WARN_COMMA = YES;
				CLANG_WARN_CONSTANT_CONVERSION = YES;
				CLANG_WARN_DEPRECATED_OBJC_IMPLEMENTATIONS = YES;
				CLANG_WARN_DIRECT_OBJC_ISA_USAGE = YES_ERROR;
				CLANG_WARN_DOCUMENTATION_COMMENTS = YES;
				CLANG_WARN_EMPTY_BODY = YES;
				CLANG_WARN_ENUM_CONVERSION = YES;
				CLANG_WARN_INFINITE_RECURSION = YES;
				CLANG_WARN_INT_CONVERSION = YES;
				CLANG_WARN_NON_LITERAL_NULL_CONVERSION = YES;
				CLANG_WARN_OBJC_IMPLICIT_RETAIN_SELF = YES;
				CLANG_WARN_OBJC_LITERAL_CONVERSION = YES;
				CLANG_WARN_OBJC_ROOT_CLASS = YES_ERROR;
				CLANG_WARN_RANGE_LOOP_ANALYSIS = YES;
				CLANG_WARN_STRICT_PROTOTYPES = YES;
				CLANG_WARN_SUSPICIOUS_MOVE = YES;
				CLANG_WARN_UNGUARDED_AVAILABILITY = YES_AGGRESSIVE;
				CLANG_WARN_UNREACHABLE_CODE = YES;
				CLANG_WARN__DUPLICATE_METHOD_MATCH = YES;
				COPY_PHASE_STRIP = NO;
				DEBUG_INFORMATION_FORMAT = "dwarf-with-dsym";
				ENABLE_NS_ASSERTIONS = NO;
				ENABLE_STRICT_OBJC_MSGSEND = YES;
				GCC_C_LANGUAGE_STANDARD = gnu11;
				GCC_NO_COMMON_BLOCKS = YES;
				GCC_WARN_64_TO_32_BIT_CONVERSION = YES;
				GCC_WARN_ABOUT_RETURN_TYPE = YES_ERROR;
				GCC_WARN_UNDECLARED_SELECTOR = YES;
				GCC_WARN_UNINITIALIZED_AUTOS = YES_AGGRESSIVE;
				GCC_WARN_UNUSED_FUNCTION = YES;
				GCC_WARN_UNUSED_VARIABLE = YES;
				IPHONEOS_DEPLOYMENT_TARGET = 13.2;
				MTL_ENABLE_DEBUG_INFO = NO;
				MTL_FAST_MATH = YES;
				SDKROOT = iphoneos;
				SWIFT_COMPILATION_MODE = wholemodule;
				SWIFT_OPTIMIZATION_LEVEL = "-O";
				VALIDATE_PRODUCT = YES;
			};
			name = Release;
		};
		04101B25249F318A000166DD /* Debug */ = {
			isa = XCBuildConfiguration;
			buildSettings = {
				ASSETCATALOG_COMPILER_APPICON_NAME = AppIcon;
				CODE_SIGN_STYLE = Automatic;
				DEVELOPMENT_TEAM = 65KFFC5UGQ;
				INFOPLIST_FILE = GithubFollowers/Support/info.plist;
				LD_RUNPATH_SEARCH_PATHS = (
					"$(inherited)",
					"@executable_path/Frameworks",
				);
				PRODUCT_BUNDLE_IDENTIFIER = com.ahmed.eid.GithubFollowers;
				PRODUCT_NAME = "$(TARGET_NAME)";
				SWIFT_VERSION = 5.0;
				TARGETED_DEVICE_FAMILY = "1,2";
			};
			name = Debug;
		};
		04101B26249F318A000166DD /* Release */ = {
			isa = XCBuildConfiguration;
			buildSettings = {
				ASSETCATALOG_COMPILER_APPICON_NAME = AppIcon;
				CODE_SIGN_STYLE = Automatic;
				DEVELOPMENT_TEAM = 65KFFC5UGQ;
				INFOPLIST_FILE = GithubFollowers/Support/info.plist;
				LD_RUNPATH_SEARCH_PATHS = (
					"$(inherited)",
					"@executable_path/Frameworks",
				);
				PRODUCT_BUNDLE_IDENTIFIER = com.ahmed.eid.GithubFollowers;
				PRODUCT_NAME = "$(TARGET_NAME)";
				SWIFT_VERSION = 5.0;
				TARGETED_DEVICE_FAMILY = "1,2";
			};
			name = Release;
		};
/* End XCBuildConfiguration section */

/* Begin XCConfigurationList section */
		04101B0B249F3185000166DD /* Build configuration list for PBXProject "GithubFollowers" */ = {
			isa = XCConfigurationList;
			buildConfigurations = (
				04101B22249F318A000166DD /* Debug */,
				04101B23249F318A000166DD /* Release */,
			);
			defaultConfigurationIsVisible = 0;
			defaultConfigurationName = Release;
		};
		04101B24249F318A000166DD /* Build configuration list for PBXNativeTarget "GithubFollowers" */ = {
			isa = XCConfigurationList;
			buildConfigurations = (
				04101B25249F318A000166DD /* Debug */,
				04101B26249F318A000166DD /* Release */,
			);
			defaultConfigurationIsVisible = 0;
			defaultConfigurationName = Release;
		};
/* End XCConfigurationList section */
	};
	rootObject = 04101B08249F3185000166DD /* Project object */;
}
